Microsoft Visual Studio Solution File, Format Version 12.00
# Visual Studio Version 17
VisualStudioVersion = 17.5.2.0
MinimumVisualStudioVersion = 10.0.40219.1
Project("{FAE04EC0-301F-11D3-BF4B-00C04F79EFBC}") = "GCServer", "GCServer.csproj", "{F133C33F-BFED-95ED-6702-F3E878C8A078}"
EndProject
Global
	GlobalSection(SolutionConfigurationPlatforms) = preSolution
		Debug|Any CPU = Debug|Any CPU
		Release|Any CPU = Release|Any CPU
	EndGlobalSection
	GlobalSection(ProjectConfigurationPlatforms) = postSolution
		{F133C33F-BFED-95ED-6702-F3E878C8A078}.Debug|Any CPU.ActiveCfg = Debug|Any CPU
		{F133C33F-BFED-95ED-6702-F3E878C8A078}.Debug|Any CPU.Build.0 = Debug|Any CPU
		{F133C33F-BFED-95ED-6702-F3E878C8A078}.Release|Any CPU.ActiveCfg = Release|Any CPU
		{F133C33F-BFED-95ED-6702-F3E878C8A078}.Release|Any CPU.Build.0 = Release|Any CPU
	EndGlobalSection
	GlobalSection(SolutionProperties) = preSolution
		HideSolutionNode = FALSE
	EndGlobalSection
	GlobalSection(ExtensibilityGlobals) = postSolution
		SolutionGuid = {9CD094FF-9A38-45EE-8863-D4579D3C11DE}
	EndGlobalSection
EndGlobal
